// !$*UTF8*$!
{
	archiveVersion = 1;
	classes = {
	};
	objectVersion = 46;
	objects = {

/* Begin PBXBuildFile section */
		FE4845D11CC085EA0064AD0C /* main.m in Sources */ = {isa = PBXBuildFile; fileRef = FE4845D01CC085EA0064AD0C /* main.m */; };
		FE4845D41CC085EA0064AD0C /* AppDelegate.m in Sources */ = {isa = PBXBuildFile; fileRef = FE4845D31CC085EA0064AD0C /* AppDelegate.m */; };
		FE4845D71CC085EA0064AD0C /* ViewController.m in Sources */ = {isa = PBXBuildFile; fileRef = FE4845D61CC085EA0064AD0C /* ViewController.m */; };
		FE4845DA1CC085EA0064AD0C /* Main.storyboard in Resources */ = {isa = PBXBuildFile; fileRef = FE4845D81CC085EA0064AD0C /* Main.storyboard */; };
		FE4845DC1CC085EA0064AD0C /* Assets.xcassets in Resources */ = {isa = PBXBuildFile; fileRef = FE4845DB1CC085EA0064AD0C /* Assets.xcassets */; };
		FE4845DF1CC085EA0064AD0C /* LaunchScreen.storyboard in Resources */ = {isa = PBXBuildFile; fileRef = FE4845DD1CC085EA0064AD0C /* LaunchScreen.storyboard */; };
		FE4845EB1CC087220064AD0C /* procity.json in Resources */ = {isa = PBXBuildFile; fileRef = FE4845E61CC087220064AD0C /* procity.json */; };
		FE4845EC1CC087220064AD0C /* URDatePickerView.m in Sources */ = {isa = PBXBuildFile; fileRef = FE4845E81CC087220064AD0C /* URDatePickerView.m */; };
		FE4845ED1CC087220064AD0C /* URPickerView.m in Sources */ = {isa = PBXBuildFile; fileRef = FE4845EA1CC087220064AD0C /* URPickerView.m */; };
		FE4845F01CC087730064AD0C /* UIView+ViewStyle.m in Sources */ = {isa = PBXBuildFile; fileRef = FE4845EF1CC087730064AD0C /* UIView+ViewStyle.m */; };
/* End PBXBuildFile section */

/* Begin PBXFileReference section */
		FE4845CC1CC085EA0064AD0C /* CityPickerView.app */ = {isa = PBXFileReference; explicitFileType = wrapper.application; includeInIndex = 0; path = CityPickerView.app; sourceTree = BUILT_PRODUCTS_DIR; };
		FE4845D01CC085EA0064AD0C /* main.m */ = {isa = PBXFileReference; lastKnownFileType = sourcecode.c.objc; path = main.m; sourceTree = "<group>"; };
		FE4845D21CC085EA0064AD0C /* AppDelegate.h */ = {isa = PBXFileReference; lastKnownFileType = sourcecode.c.h; path = AppDelegate.h; sourceTree = "<group>"; };
		FE4845D31CC085EA0064AD0C /* AppDelegate.m */ = {isa = PBXFileReference; lastKnownFileType = sourcecode.c.objc; path = AppDelegate.m; sourceTree = "<group>"; };
		FE4845D51CC085EA0064AD0C /* ViewController.h */ = {isa = PBXFileReference; lastKnownFileType = sourcecode.c.h; path = ViewController.h; sourceTree = "<group>"; };
		FE4845D61CC085EA0064AD0C /* ViewController.m */ = {isa = PBXFileReference; lastKnownFileType = sourcecode.c.objc; path = ViewController.m; sourceTree = "<group>"; };
		FE4845D91CC085EA0064AD0C /* Base */ = {isa = PBXFileReference; lastKnownFileType = file.storyboard; name = Base; path = Base.lproj/Main.storyboard; sourceTree = "<group>"; };
		FE4845DB1CC085EA0064AD0C /* Assets.xcassets */ = {isa = PBXFileReference; lastKnownFileType = folder.assetcatalog; path = Assets.xcassets; sourceTree = "<group>"; };
		FE4845DE1CC085EA0064AD0C /* Base */ = {isa = PBXFileReference; lastKnownFileType = file.storyboard; name = Base; path = Base.lproj/LaunchScreen.storyboard; sourceTree = "<group>"; };
		FE4845E01CC085EA0064AD0C /* Info.plist */ = {isa = PBXFileReference; lastKnownFileType = text.plist.xml; path = Info.plist; sourceTree = "<group>"; };
		FE4845E61CC087220064AD0C /* procity.json */ = {isa = PBXFileReference; fileEncoding = 4; lastKnownFileType = text.json; path = procity.json; sourceTree = "<group>"; };
		FE4845E71CC087220064AD0C /* URDatePickerView.h */ = {isa = PBXFileReference; fileEncoding = 4; lastKnownFileType = sourcecode.c.h; path = URDatePickerView.h; sourceTree = "<group>"; };
		FE4845E81CC087220064AD0C /* URDatePickerView.m */ = {isa = PBXFileReference; fileEncoding = 4; lastKnownFileType = sourcecode.c.objc; path = URDatePickerView.m; sourceTree = "<group>"; };
		FE4845E91CC087220064AD0C /* URPickerView.h */ = {isa = PBXFileReference; fileEncoding = 4; lastKnownFileType = sourcecode.c.h; path = URPickerView.h; sourceTree = "<group>"; };
		FE4845EA1CC087220064AD0C /* URPickerView.m */ = {isa = PBXFileReference; fileEncoding = 4; lastKnownFileType = sourcecode.c.objc; path = URPickerView.m; sourceTree = "<group>"; };
		FE4845EE1CC087730064AD0C /* UIView+ViewStyle.h */ = {isa = PBXFileReference; fileEncoding = 4; lastKnownFileType = sourcecode.c.h; path = "UIView+ViewStyle.h"; sourceTree = "<group>"; };
		FE4845EF1CC087730064AD0C /* UIView+ViewStyle.m */ = {isa = PBXFileReference; fileEncoding = 4; lastKnownFileType = sourcecode.c.objc; path = "UIView+ViewStyle.m"; sourceTree = "<group>"; };
/* End PBXFileReference section */

/* Begin PBXFrameworksBuildPhase section */
		FE4845C91CC085EA0064AD0C /* Frameworks */ = {
			isa = PBXFrameworksBuildPhase;
			buildActionMask = 2147483647;
			files = (
			);
			runOnlyForDeploymentPostprocessing = 0;
		};
/* End PBXFrameworksBuildPhase section */

/* Begin PBXGroup section */
		FE4845C31CC085E90064AD0C = {
			isa = PBXGroup;
			children = (
				FE4845CE1CC085EA0064AD0C /* CityPickerView */,
				FE4845CD1CC085EA0064AD0C /* Products */,
			);
			sourceTree = "<group>";
		};
		FE4845CD1CC085EA0064AD0C /* Products */ = {
			isa = PBXGroup;
			children = (
				FE4845CC1CC085EA0064AD0C /* CityPickerView.app */,
			);
			name = Products;
			sourceTree = "<group>";
		};
		FE4845CE1CC085EA0064AD0C /* CityPickerView */ = {
			isa = PBXGroup;
			children = (
				FE4845EE1CC087730064AD0C /* UIView+ViewStyle.h */,
				FE4845EF1CC087730064AD0C /* UIView+ViewStyle.m */,
				FE4845E61CC087220064AD0C /* procity.json */,
				FE4845E71CC087220064AD0C /* URDatePickerView.h */,
				FE4845E81CC087220064AD0C /* URDatePickerView.m */,
				FE4845E91CC087220064AD0C /* URPickerView.h */,
				FE4845EA1CC087220064AD0C /* URPickerView.m */,
				FE4845D21CC085EA0064AD0C /* AppDelegate.h */,
				FE4845D31CC085EA0064AD0C /* AppDelegate.m */,
				FE4845D51CC085EA0064AD0C /* ViewController.h */,
				FE4845D61CC085EA0064AD0C /* ViewController.m */,
				FE4845D81CC085EA0064AD0C /* Main.storyboard */,
				FE4845DB1CC085EA0064AD0C /* Assets.xcassets */,
				FE4845DD1CC085EA0064AD0C /* LaunchScreen.storyboard */,
				FE4845E01CC085EA0064AD0C /* Info.plist */,
				FE4845CF1CC085EA0064AD0C /* Supporting Files */,
			);
			path = CityPickerView;
			sourceTree = "<group>";
		};
		FE4845CF1CC085EA0064AD0C /* Supporting Files */ = {
			isa = PBXGroup;
			children = (
				FE4845D01CC085EA0064AD0C /* main.m */,
			);
			name = "Supporting Files";
			sourceTree = "<group>";
		};
/* End PBXGroup section */

/* Begin PBXNativeTarget section */
		FE4845CB1CC085EA0064AD0C /* CityPickerView */ = {
			isa = PBXNativeTarget;
			buildConfigurationList = FE4845E31CC085EA0064AD0C /* Build configuration list for PBXNativeTarget "CityPickerView" */;
			buildPhases = (
				FE4845C81CC085EA0064AD0C /* Sources */,
				FE4845C91CC085EA0064AD0C /* Frameworks */,
				FE4845CA1CC085EA0064AD0C /* Resources */,
			);
			buildRules = (
			);
			dependencies = (
			);
			name = CityPickerView;
			productName = CityPickerView;
			productReference = FE4845CC1CC085EA0064AD0C /* CityPickerView.app */;
			productType = "com.apple.product-type.application";
		};
/* End PBXNativeTarget section */

/* Begin PBXProject section */
		FE4845C41CC085EA0064AD0C /* Project object */ = {
			isa = PBXProject;
			attributes = {
				LastUpgradeCheck = 0730;
				ORGANIZATIONNAME = custom.view.org;
				TargetAttributes = {
					FE4845CB1CC085EA0064AD0C = {
						CreatedOnToolsVersion = 7.3;
					};
				};
			};
			buildConfigurationList = FE4845C71CC085EA0064AD0C /* Build configuration list for PBXProject "CityPickerView" */;
			compatibilityVersion = "Xcode 3.2";
			developmentRegion = English;
			hasScannedForEncodings = 0;
			knownRegions = (
				en,
				Base,
			);
			mainGroup = FE4845C31CC085E90064AD0C;
			productRefGroup = FE4845CD1CC085EA0064AD0C /* Products */;
			projectDirPath = "";
			projectRoot = "";
			targets = (
				FE4845CB1CC085EA0064AD0C /* CityPickerView */,
			);
		};
/* End PBXProject section */

/* Begin PBXResourcesBuildPhase section */
		FE4845CA1CC085EA0064AD0C /* Resources */ = {
			isa = PBXResourcesBuildPhase;
			buildActionMask = 2147483647;
			files = (
				FE4845DF1CC085EA0064AD0C /* LaunchScreen.storyboard in Resources */,
				FE4845DC1CC085EA0064AD0C /* Assets.xcassets in Resources */,
				FE4845EB1CC087220064AD0C /* procity.json in Resources */,
				FE4845DA1CC085EA0064AD0C /* Main.storyboard in Resources */,
			);
			runOnlyForDeploymentPostprocessing = 0;
		};
/* End PBXResourcesBuildPhase section */

/* Begin PBXSourcesBuildPhase section */
		FE4845C81CC085EA0064AD0C /* Sources */ = {
			isa = PBXSourcesBuildPhase;
			buildActionMask = 2147483647;
			files = (
				FE4845D71CC085EA0064AD0C /* ViewController.m in Sources */,
				FE4845D41CC085EA0064AD0C /* AppDelegate.m in Sources */,
				FE4845D11CC085EA0064AD0C /* main.m in Sources */,
				FE4845F01CC087730064AD0C /* UIView+ViewStyle.m in Sources */,
				FE4845ED1CC087220064AD0C /* URPickerView.m in Sources */,
				FE4845EC1CC087220064AD0C /* URDatePickerView.m in Sources */,
			);
			runOnlyForDeploymentPostprocessing = 0;
		};
/* End PBXSourcesBuildPhase section */

/* Begin PBXVariantGroup section */
		FE4845D81CC085EA0064AD0C /* Main.storyboard */ = {
			isa = PBXVariantGroup;
			children = (
				FE4845D91CC085EA0064AD0C /* Base */,
			);
			name = Main.storyboard;
			sourceTree = "<group>";
		};
		FE4845DD1CC085EA0064AD0C /* LaunchScreen.storyboard */ = {
			isa = PBXVariantGroup;
			children = (
				FE4845DE1CC085EA0064AD0C /* Base */,
			);
			name = LaunchScreen.storyboard;
			sourceTree = "<group>";
		};
/* End PBXVariantGroup section */

/* Begin XCBuildConfiguration section */
		FE4845E11CC085EA0064AD0C /* Debug */ = {
			isa = XCBuildConfiguration;
			buildSettings = {
				ALWAYS_SEARCH_USER_PATHS = NO;
				CLANG_ANALYZER_NONNULL = YES;
				CLANG_CXX_LANGUAGE_STANDARD = "gnu++0x";
				CLANG_CXX_LIBRARY = "libc++";
				CLANG_ENABLE_MODULES = YES;
				CLANG_ENABLE_OBJC_ARC = YES;
				CLANG_WARN_BOOL_CONVERSION = YES;
				CLANG_WARN_CONSTANT_CONVERSION = YES;
				CLANG_WARN_DIRECT_OBJC_ISA_USAGE = YES_ERROR;
				CLANG_WARN_EMPTY_BODY = YES;
				CLANG_WARN_ENUM_CONVERSION = YES;
				CLANG_WARN_INT_CONVERSION = YES;
				CLANG_WARN_OBJC_ROOT_CLASS = YES_ERROR;
				CLANG_WARN_UNREACHABLE_CODE = YES;
				CLANG_WARN__DUPLICATE_METHOD_MATCH = YES;
				"CODE_SIGN_IDENTITY[sdk=iphoneos*]" = "iPhone Developer";
				COPY_PHASE_STRIP = NO;
				DEBUG_INFORMATION_FORMAT = dwarf;
				ENABLE_STRICT_OBJC_MSGSEND = YES;
				ENABLE_TESTABILITY = YES;
				GCC_C_LANGUAGE_STANDARD = gnu99;
				GCC_DYNAMIC_NO_PIC = NO;
				GCC_NO_COMMON_BLOCKS = YES;
				GCC_OPTIMIZATION_LEVEL = 0;
				GCC_PREPROCESSOR_DEFINITIONS = (
					"DEBUG=1",
					"$(inherited)",
				);
				GCC_WARN_64_TO_32_BIT_CONVERSION = YES;
				GCC_WARN_ABOUT_RETURN_TYPE = YES_ERROR;
				GCC_WARN_UNDECLARED_SELECTOR = YES;
				GCC_WARN_UNINITIALIZED_AUTOS = YES_AGGRESSIVE;
				GCC_WARN_UNUSED_FUNCTION = YES;
				GCC_WARN_UNUSED_VARIABLE = YES;
				IPHONEOS_DEPLOYMENT_TARGET = 6.0;
				MTL_ENABLE_DEBUG_INFO = YES;
				ONLY_ACTIVE_ARCH = YES;
				SDKROOT = iphoneos;
			};
			name = Debug;
		};
		FE4845E21CC085EA0064AD0C /* Release */ = {
			isa = XCBuildConfiguration;
			buildSettings = {
				ALWAYS_SEARCH_USER_PATHS = NO;
				CLANG_ANALYZER_NONNULL = YES;
				CLANG_CXX_LANGUAGE_STANDARD = "gnu++0x";
				CLANG_CXX_LIBRARY = "libc++";
				CLANG_ENABLE_MODULES = YES;
				CLANG_ENABLE_OBJC_ARC = YES;
				CLANG_WARN_BOOL_CONVERSION = YES;
				CLANG_WARN_CONSTANT_CONVERSION = YES;
				CLANG_WARN_DIRECT_OBJC_ISA_USAGE = YES_ERROR;
				CLANG_WARN_EMPTY_BODY = YES;
				CLANG_WARN_ENUM_CONVERSION = YES;
				CLANG_WARN_INT_CONVERSION = YES;
				CLANG_WARN_OBJC_ROOT_CLASS = YES_ERROR;
				CLANG_WARN_UNREACHABLE_CODE = YES;
				CLANG_WARN__DUPLICATE_METHOD_MATCH = YES;
				"CODE_SIGN_IDENTITY[sdk=iphoneos*]" = "iPhone Developer";
				COPY_PHASE_STRIP = NO;
				DEBUG_INFORMATION_FORMAT = "dwarf-with-dsym";
				ENABLE_NS_ASSERTIONS = NO;
				ENABLE_STRICT_OBJC_MSGSEND = YES;
				GCC_C_LANGUAGE_STANDARD = gnu99;
				GCC_NO_COMMON_BLOCKS = YES;
				GCC_WARN_64_TO_32_BIT_CONVERSION = YES;
				GCC_WARN_ABOUT_RETURN_TYPE = YES_ERROR;
				GCC_WARN_UNDECLARED_SELECTOR = YES;
				GCC_WARN_UNINITIALIZED_AUTOS = YES_AGGRESSIVE;
				GCC_WARN_UNUSED_FUNCTION = YES;
				GCC_WARN_UNUSED_VARIABLE = YES;
				IPHONEOS_DEPLOYMENT_TARGET = 6.0;
				MTL_ENABLE_DEBUG_INFO = NO;
				SDKROOT = iphoneos;
				VALIDATE_PRODUCT = YES;
			};
			name = Release;
		};
		FE4845E41CC085EA0064AD0C /* Debug */ = {
			isa = XCBuildConfiguration;
			buildSettings = {
				ASSETCATALOG_COMPILER_APPICON_NAME = AppIcon;
				INFOPLIST_FILE = CityPickerView/Info.plist;
				LD_RUNPATH_SEARCH_PATHS = "$(inherited) @executable_path/Frameworks";
				PRODUCT_BUNDLE_IDENTIFIER = com.bruthlee.CityPickerView;
				PRODUCT_NAME = "$(TARGET_NAME)";
			};
			name = Debug;
		};
		FE4845E51CC085EA0064AD0C /* Release */ = {
			isa = XCBuildConfiguration;
			buildSettings = {
				ASSETCATALOG_COMPILER_APPICON_NAME = AppIcon;
				INFOPLIST_FILE = CityPickerView/Info.plist;
				LD_RUNPATH_SEARCH_PATHS = "$(inherited) @executable_path/Frameworks";
				PRODUCT_BUNDLE_IDENTIFIER = com.bruthlee.CityPickerView;
				PRODUCT_NAME = "$(TARGET_NAME)";
			};
			name = Release;
		};
/* End XCBuildConfiguration section */

/* Begin XCConfigurationList section */
		FE4845C71CC085EA0064AD0C /* Build configuration list for PBXProject "CityPickerView" */ = {
			isa = XCConfigurationList;
			buildConfigurations = (
				FE4845E11CC085EA0064AD0C /* Debug */,
				FE4845E21CC085EA0064AD0C /* Release */,
			);
			defaultConfigurationIsVisible = 0;
			defaultConfigurationName = Release;
		};
		FE4845E31CC085EA0064AD0C /* Build configuration list for PBXNativeTarget "CityPickerView" */ = {
			isa = XCConfigurationList;
			buildConfigurations = (
				FE4845E41CC085EA0064AD0C /* Debug */,
				FE4845E51CC085EA0064AD0C /* Release */,
			);
			defaultConfigurationIsVisible = 0;
		};
/* End XCConfigurationList section */
	};
	rootObject = FE4845C41CC085EA0064AD0C /* Project object */;
}
